
Microsoft Visual Studio Solution File, Format Version 12.00
# Visual Studio Version 17
VisualStudioVersion = 17.0.32014.148
MinimumVisualStudioVersion = 10.0.40219.1
Project("{9A19103F-16F7-4668-BE54-9A1E7A4F7556}") = "FluentAvalonia", "src\FluentAvalonia\FluentAvalonia.csproj", "{E527B96A-67A6-41C1-92A8-E56E341BB947}"
EndProject
Project("{9A19103F-16F7-4668-BE54-9A1E7A4F7556}") = "FluentAvaloniaSamples", "samples\FluentAvaloniaSamples\FluentAvaloniaSamples.csproj", "{EDF76EAC-2EA9-49D5-9C33-372BC76305F2}"
EndProject
Project("{2150E333-8FDC-42A3-9474-1A3956D46DE8}") = "Solution Items", "Solution Items", "{7086DAEA-90CD-46D3-9E68-D75DD19417F0}"
	ProjectSection(SolutionItems) = preProject
		.editorconfig = .editorconfig
		.gitignore = .gitignore
		Directory.Packages.props = Directory.Packages.props
		LICENSE = LICENSE
		nuget.config = nuget.config
		README.md = README.md
	EndProjectSection
EndProject
Project("{9A19103F-16F7-4668-BE54-9A1E7A4F7556}") = "FluentAvaloniaTests", "tests\FluentAvaloniaTests\FluentAvaloniaTests.csproj", "{8AE77DED-A81D-43DC-B4A2-AE03ED1C20F9}"
EndProject
Project("{9A19103F-16F7-4668-BE54-9A1E7A4F7556}") = "FASandbox", "samples\FASandbox\FASandbox.csproj", "{3CD8ED83-02E7-4949-9C48-531E142A2695}"
EndProject
Project("{2150E333-8FDC-42A3-9474-1A3956D46DE8}") = "samples", "samples", "{7E9416E1-C672-4622-8D32-91A16802873A}"
EndProject
Project("{2150E333-8FDC-42A3-9474-1A3956D46DE8}") = "tests", "tests", "{F5EA8600-E6C8-4F4A-AF59-4941FA64682D}"
EndProject
Global
	GlobalSection(SolutionConfigurationPlatforms) = preSolution
		Debug|Any CPU = Debug|Any CPU
		Release|Any CPU = Release|Any CPU
	EndGlobalSection
	GlobalSection(ProjectConfigurationPlatforms) = postSolution
		{E527B96A-67A6-41C1-92A8-E56E341BB947}.Debug|Any CPU.ActiveCfg = Debug|Any CPU
		{E527B96A-67A6-41C1-92A8-E56E341BB947}.Debug|Any CPU.Build.0 = Debug|Any CPU
		{E527B96A-67A6-41C1-92A8-E56E341BB947}.Release|Any CPU.ActiveCfg = Release|Any CPU
		{E527B96A-67A6-41C1-92A8-E56E341BB947}.Release|Any CPU.Build.0 = Release|Any CPU
		{EDF76EAC-2EA9-49D5-9C33-372BC76305F2}.Debug|Any CPU.ActiveCfg = Debug|Any CPU
		{EDF76EAC-2EA9-49D5-9C33-372BC76305F2}.Debug|Any CPU.Build.0 = Debug|Any CPU
		{EDF76EAC-2EA9-49D5-9C33-372BC76305F2}.Release|Any CPU.ActiveCfg = Release|Any CPU
		{EDF76EAC-2EA9-49D5-9C33-372BC76305F2}.Release|Any CPU.Build.0 = Release|Any CPU
		{8AE77DED-A81D-43DC-B4A2-AE03ED1C20F9}.Debug|Any CPU.ActiveCfg = Debug|Any CPU
		{8AE77DED-A81D-43DC-B4A2-AE03ED1C20F9}.Debug|Any CPU.Build.0 = Debug|Any CPU
		{8AE77DED-A81D-43DC-B4A2-AE03ED1C20F9}.Release|Any CPU.ActiveCfg = Release|Any CPU
		{8AE77DED-A81D-43DC-B4A2-AE03ED1C20F9}.Release|Any CPU.Build.0 = Release|Any CPU
		{3CD8ED83-02E7-4949-9C48-531E142A2695}.Debug|Any CPU.ActiveCfg = Debug|Any CPU
		{3CD8ED83-02E7-4949-9C48-531E142A2695}.Debug|Any CPU.Build.0 = Debug|Any CPU
		{3CD8ED83-02E7-4949-9C48-531E142A2695}.Release|Any CPU.ActiveCfg = Release|Any CPU
		{3CD8ED83-02E7-4949-9C48-531E142A2695}.Release|Any CPU.Build.0 = Release|Any CPU
	EndGlobalSection
	GlobalSection(SolutionProperties) = preSolution
		HideSolutionNode = FALSE
	EndGlobalSection
	GlobalSection(NestedProjects) = preSolution
		{EDF76EAC-2EA9-49D5-9C33-372BC76305F2} = {7E9416E1-C672-4622-8D32-91A16802873A}
		{8AE77DED-A81D-43DC-B4A2-AE03ED1C20F9} = {F5EA8600-E6C8-4F4A-AF59-4941FA64682D}
		{3CD8ED83-02E7-4949-9C48-531E142A2695} = {7E9416E1-C672-4622-8D32-91A16802873A}
	EndGlobalSection
	GlobalSection(ExtensibilityGlobals) = postSolution
		SolutionGuid = {9E358197-10B9-4579-8309-5D9BCB8E7F3E}
	EndGlobalSection
EndGlobal
